
Microsoft Visual Studio Solution File, Format Version 11.00
# Visual Studio 2010
Project("{FAE04EC0-301F-11D3-BF4B-00C04F79EFBC}") = "CodeGolf.Set.Tests", "CodeGolf.Set.Tests\CodeGolf.Set.Tests.csproj", "{13B76238-7C0A-49D1-90FF-3AEC8B52EE05}"
EndProject
Project("{FAE04EC0-301F-11D3-BF4B-00C04F79EFBC}") = "CodeGolf.Set.Core", "CodeGolf.Set.Core\CodeGolf.Set.Core.csproj", "{E2EE88E3-0447-4703-B405-8D2491AE78A1}"
EndProject
Global
	GlobalSection(SolutionConfigurationPlatforms) = preSolution
		Debug|Any CPU = Debug|Any CPU
		Release|Any CPU = Release|Any CPU
	EndGlobalSection
	GlobalSection(ProjectConfigurationPlatforms) = postSolution
		{13B76238-7C0A-49D1-90FF-3AEC8B52EE05}.Debug|Any CPU.ActiveCfg = Debug|Any CPU
		{13B76238-7C0A-49D1-90FF-3AEC8B52EE05}.Debug|Any CPU.Build.0 = Debug|Any CPU
		{13B76238-7C0A-49D1-90FF-3AEC8B52EE05}.Release|Any CPU.ActiveCfg = Release|Any CPU
		{13B76238-7C0A-49D1-90FF-3AEC8B52EE05}.Release|Any CPU.Build.0 = Release|Any CPU
		{E2EE88E3-0447-4703-B405-8D2491AE78A1}.Debug|Any CPU.ActiveCfg = Debug|Any CPU
		{E2EE88E3-0447-4703-B405-8D2491AE78A1}.Debug|Any CPU.Build.0 = Debug|Any CPU
		{E2EE88E3-0447-4703-B405-8D2491AE78A1}.Release|Any CPU.ActiveCfg = Release|Any CPU
		{E2EE88E3-0447-4703-B405-8D2491AE78A1}.Release|Any CPU.Build.0 = Release|Any CPU
	EndGlobalSection
	GlobalSection(SolutionProperties) = preSolution
		HideSolutionNode = FALSE
	EndGlobalSection
EndGlobal
